<?xml version="1.0" encoding="utf-8"?>
<Project ToolsVersion="4.0" xmlns="http://schemas.microsoft.com/developer/msbuild/2003">
  <ItemGroup>
    <Filter Include="Source Files">
      <UniqueIdentifier>{4FC737F1-C7A5-4376-A066-2A32D752A2FF}</UniqueIdentifier>
      <Extensions>cpp;c;cc;cxx;def;odl;idl;hpj;bat;asm;asmx</Extensions>
    </Filter>
    <Filter Include="Header Files">
      <UniqueIdentifier>{93995380-89BD-4b04-88EB-625FBE52EBFB}</UniqueIdentifier>
      <Extensions>h;hh;hpp;hxx;hm;inl;inc;xsd</Extensions>
    </Filter>
    <Filter Include="Resource Files">
      <UniqueIdentifier>{67DA6AB6-F800-4c08-8B7A-83BB121AAD01}</UniqueIdentifier>
      <Extensions>rc;ico;cur;bmp;dlg;rc2;rct;bin;rgs;gif;jpg;jpeg;jpe;resx;tiff;tif;png;wav;mfcribbon-ms</Extensions>
    </Filter>
    <Filter Include="Resource Files\Shaders">
      <UniqueIdentifier>{ad24415e-3e94-4664-890a-32b0416910b4}</UniqueIdentifier>
    </Filter>
  </ItemGroup>
  <ItemGroup>
    <ClCompile Include="glad.cpp">
      <Filter>Source Files</Filter>
    </ClCompile>
    <ClCompile Include="main.cpp">
      <Filter>Source Files</Filter>
    </ClCompile>
    <ClCompile Include="camera.cpp">
      <Filter>Source Files</Filter>
    </ClCompile>
    <ClCompile Include="mesh.cpp">
      <Filter>Source Files</Filter>
    </ClCompile>
    <ClCompile Include="shader.cpp">
      <Filter>Source Files</Filter>
    </ClCompile>
    <ClCompile Include="model.cpp">
      <Filter>Source Files</Filter>
    </ClCompile>
  </ItemGroup>
  <ItemGroup>
    <ClInclude Include="shader.h">
      <Filter>Header Files</Filter>
    </ClInclude>
    <ClInclude Include="stb_image.h">
      <Filter>Header Files</Filter>
    </ClInclude>
    <ClInclude Include="camera.h">
      <Filter>Header Files</Filter>
    </ClInclude>
    <ClInclude Include="mouse_inputs.h">
      <Filter>Header Files</Filter>
    </ClInclude>
    <ClInclude Include="mesh.h">
      <Filter>Header Files</Filter>
    </ClInclude>
    <ClInclude Include="model.h">
      <Filter>Header Files</Filter>
    </ClInclude>
  </ItemGroup>
  <ItemGroup>
    <Text Include="shaders\fragment_shader.txt">
      <Filter>Resource Files\Shaders</Filter>
    </Text>
    <Text Include="shaders\vertex_shader.txt">
      <Filter>Resource Files\Shaders</Filter>
    </Text>
    <Text Include="shaders\tex_fragment_shader.txt">
      <Filter>Resource Files\Shaders</Filter>
    </Text>
    <Text Include="shaders\tex_vertex_shader.txt">
      <Filter>Resource Files\Shaders</Filter>
    </Text>
    <Text Include="shaders\sphere_fragment_shader.txt">
      <Filter>Resource Files\Shaders</Filter>
    </Text>
    <Text Include="shaders\sphere_vertex_shader.txt">
      <Filter>Resource Files\Shaders</Filter>
    </Text>
    <Text Include="shaders\billboard_vertex_shader.txt">
      <Filter>Resource Files\Shaders</Filter>
    </Text>
    <Text Include="shaders\preprocess_vert_shader.txt">
      <Filter>Resource Files\Shaders</Filter>
    </Text>
    <Text Include="shaders\preprocess_frag_shader.txt">
      <Filter>Resource Files\Shaders</Filter>
    </Text>
    <Text Include="shaders\blue_fragment_shader.txt">
      <Filter>Resource Files\Shaders</Filter>
    </Text>
  </ItemGroup>
</Project>